Microsoft Visual Studio Solution File, Format Version 12.00
# Visual Studio Version 17
VisualStudioVersion = 17.5.2.0
MinimumVisualStudioVersion = 10.0.40219.1
Project("{FAE04EC0-301F-11D3-BF4B-00C04F79EFBC}") = "ClaudeRemote.Server", "ClaudeRemote.Server.csproj", "{672E96E1-9C57-CEC5-6260-6C3174DC19F1}"
EndProject
Global
	GlobalSection(SolutionConfigurationPlatforms) = preSolution
		Debug|Any CPU = Debug|Any CPU
		Release|Any CPU = Release|Any CPU
	EndGlobalSection
	GlobalSection(ProjectConfigurationPlatforms) = postSolution
		{672E96E1-9C57-CEC5-6260-6C3174DC19F1}.Debug|Any CPU.ActiveCfg = Debug|Any CPU
		{672E96E1-9C57-CEC5-6260-6C3174DC19F1}.Debug|Any CPU.Build.0 = Debug|Any CPU
		{672E96E1-9C57-CEC5-6260-6C3174DC19F1}.Release|Any CPU.ActiveCfg = Release|Any CPU
		{672E96E1-9C57-CEC5-6260-6C3174DC19F1}.Release|Any CPU.Build.0 = Release|Any CPU
	EndGlobalSection
	GlobalSection(SolutionProperties) = preSolution
		HideSolutionNode = FALSE
	EndGlobalSection
	GlobalSection(ExtensibilityGlobals) = postSolution
		SolutionGuid = {2161CCE1-CB2B-40C6-A27E-8A9E4614DA92}
	EndGlobalSection
EndGlobal
